
Microsoft Visual Studio Solution File, Format Version 12.00
# Visual Studio 15
VisualStudioVersion = 15.0.27428.2015
MinimumVisualStudioVersion = 10.0.40219.1
Project("{9A19103F-16F7-4668-BE54-9A1E7A4F7556}") = "Service", "Service\Service.csproj", "{448B3D5D-8EF2-4D00-986C-45CEBF2396CA}"
EndProject
Project("{9A19103F-16F7-4668-BE54-9A1E7A4F7556}") = "Service.Bus.Infrastructure", "Service.Queue.Infrastructure\Service.Bus.Infrastructure.csproj", "{6CAA01F0-1CA7-4A73-8CC7-4FBD0F43E599}"
EndProject
Project("{FAE04EC0-301F-11D3-BF4B-00C04F79EFBC}") = "Service.Bus.Handlers", "Service.Bus.Handlers\Service.Bus.Handlers.csproj", "{81EFFE66-C7FB-4DC5-8DDC-695534F3DF2E}"
EndProject
Global
	GlobalSection(SolutionConfigurationPlatforms) = preSolution
		Debug|Any CPU = Debug|Any CPU
		Release|Any CPU = Release|Any CPU
	EndGlobalSection
	GlobalSection(ProjectConfigurationPlatforms) = postSolution
		{448B3D5D-8EF2-4D00-986C-45CEBF2396CA}.Debug|Any CPU.ActiveCfg = Debug|Any CPU
		{448B3D5D-8EF2-4D00-986C-45CEBF2396CA}.Debug|Any CPU.Build.0 = Debug|Any CPU
		{448B3D5D-8EF2-4D00-986C-45CEBF2396CA}.Release|Any CPU.ActiveCfg = Release|Any CPU
		{448B3D5D-8EF2-4D00-986C-45CEBF2396CA}.Release|Any CPU.Build.0 = Release|Any CPU
		{6CAA01F0-1CA7-4A73-8CC7-4FBD0F43E599}.Debug|Any CPU.ActiveCfg = Debug|Any CPU
		{6CAA01F0-1CA7-4A73-8CC7-4FBD0F43E599}.Debug|Any CPU.Build.0 = Debug|Any CPU
		{6CAA01F0-1CA7-4A73-8CC7-4FBD0F43E599}.Release|Any CPU.ActiveCfg = Release|Any CPU
		{6CAA01F0-1CA7-4A73-8CC7-4FBD0F43E599}.Release|Any CPU.Build.0 = Release|Any CPU
		{81EFFE66-C7FB-4DC5-8DDC-695534F3DF2E}.Debug|Any CPU.ActiveCfg = Debug|Any CPU
		{81EFFE66-C7FB-4DC5-8DDC-695534F3DF2E}.Debug|Any CPU.Build.0 = Debug|Any CPU
		{81EFFE66-C7FB-4DC5-8DDC-695534F3DF2E}.Release|Any CPU.ActiveCfg = Release|Any CPU
		{81EFFE66-C7FB-4DC5-8DDC-695534F3DF2E}.Release|Any CPU.Build.0 = Release|Any CPU
	EndGlobalSection
	GlobalSection(SolutionProperties) = preSolution
		HideSolutionNode = FALSE
	EndGlobalSection
	GlobalSection(ExtensibilityGlobals) = postSolution
		SolutionGuid = {E403455D-2D4C-4B84-B2B5-9F605E8BA021}
	EndGlobalSection
EndGlobal
